
Microsoft Visual Studio Solution File, Format Version 12.00
# Visual Studio Version 17
VisualStudioVersion = 17.0.32112.339
MinimumVisualStudioVersion = 10.0.40219.1
Project("{8BC9CEB8-8B4A-11D0-8D11-00A0C91BC942}") = "CWLAPCInjection", "CWLAPCInjection\CWLAPCInjection.vcxproj", "{B429CF5A-DF4E-406D-AF11-2DFE4C8CE7CA}"
EndProject
Global
	GlobalSection(SolutionConfigurationPlatforms) = preSolution
		Debug|x64 = Debug|x64
		Debug|x86 = Debug|x86
		Release|x64 = Release|x64
		Release|x86 = Release|x86
	EndGlobalSection
	GlobalSection(ProjectConfigurationPlatforms) = postSolution
		{B429CF5A-DF4E-406D-AF11-2DFE4C8CE7CA}.Debug|x64.ActiveCfg = Debug|x64
		{B429CF5A-DF4E-406D-AF11-2DFE4C8CE7CA}.Debug|x64.Build.0 = Debug|x64
		{B429CF5A-DF4E-406D-AF11-2DFE4C8CE7CA}.Debug|x86.ActiveCfg = Debug|Win32
		{B429CF5A-DF4E-406D-AF11-2DFE4C8CE7CA}.Debug|x86.Build.0 = Debug|Win32
		{B429CF5A-DF4E-406D-AF11-2DFE4C8CE7CA}.Release|x64.ActiveCfg = Release|x64
		{B429CF5A-DF4E-406D-AF11-2DFE4C8CE7CA}.Release|x64.Build.0 = Release|x64
		{B429CF5A-DF4E-406D-AF11-2DFE4C8CE7CA}.Release|x86.ActiveCfg = Release|Win32
		{B429CF5A-DF4E-406D-AF11-2DFE4C8CE7CA}.Release|x86.Build.0 = Release|Win32
	EndGlobalSection
	GlobalSection(SolutionProperties) = preSolution
		HideSolutionNode = FALSE
	EndGlobalSection
	GlobalSection(ExtensibilityGlobals) = postSolution
		SolutionGuid = {0A9E60DE-228C-4876-A84A-DE707C7840E3}
	EndGlobalSection
EndGlobal
