
Microsoft Visual Studio Solution File, Format Version 12.00
# Visual Studio Version 17
VisualStudioVersion = 17.0.32112.339
MinimumVisualStudioVersion = 10.0.40219.1
Project("{8BC9CEB8-8B4A-11D0-8D11-00A0C91BC942}") = "CWLTransactHollowing", "CWLTransactHollowing\CWLTransactHollowing.vcxproj", "{3D4EB8FC-51F6-4911-B0CC-612BF7EA2231}"
EndProject
Global
	GlobalSection(SolutionConfigurationPlatforms) = preSolution
		Debug|x64 = Debug|x64
		Debug|x86 = Debug|x86
		Release|x64 = Release|x64
		Release|x86 = Release|x86
	EndGlobalSection
	GlobalSection(ProjectConfigurationPlatforms) = postSolution
		{3D4EB8FC-51F6-4911-B0CC-612BF7EA2231}.Debug|x64.ActiveCfg = Debug|x64
		{3D4EB8FC-51F6-4911-B0CC-612BF7EA2231}.Debug|x64.Build.0 = Debug|x64
		{3D4EB8FC-51F6-4911-B0CC-612BF7EA2231}.Debug|x86.ActiveCfg = Debug|Win32
		{3D4EB8FC-51F6-4911-B0CC-612BF7EA2231}.Debug|x86.Build.0 = Debug|Win32
		{3D4EB8FC-51F6-4911-B0CC-612BF7EA2231}.Release|x64.ActiveCfg = Release|x64
		{3D4EB8FC-51F6-4911-B0CC-612BF7EA2231}.Release|x64.Build.0 = Release|x64
		{3D4EB8FC-51F6-4911-B0CC-612BF7EA2231}.Release|x86.ActiveCfg = Release|Win32
		{3D4EB8FC-51F6-4911-B0CC-612BF7EA2231}.Release|x86.Build.0 = Release|Win32
	EndGlobalSection
	GlobalSection(SolutionProperties) = preSolution
		HideSolutionNode = FALSE
	EndGlobalSection
	GlobalSection(ExtensibilityGlobals) = postSolution
		SolutionGuid = {468D697A-FDB8-4AE4-84C5-2E295BCE3428}
	EndGlobalSection
EndGlobal
